// !$*UTF8*$!
{
	archiveVersion = 1;
	classes = {
	};
	objectVersion = 50;
	objects = {

/* Begin PBXBuildFile section */
		860CFD290698798BC82CDEC7 /* Pods_iOSBasicsObjCUITests.framework in Frameworks */ = {isa = PBXBuildFile; fileRef = FB643DAEC383F6457632408F /* Pods_iOSBasicsObjCUITests.framework */; };
		C1F9D0BC5BD5684E5799B478 /* Pods_iOSBasicsObjC.framework in Frameworks */ = {isa = PBXBuildFile; fileRef = 2F275B9BE16892FE2C120187 /* Pods_iOSBasicsObjC.framework */; };
		CB11C8BC21B9069F00477792 /* RestApiUnitTest.swift in Sources */ = {isa = PBXBuildFile; fileRef = CB11C8BB21B9069F00477792 /* RestApiUnitTest.swift */; };
		CB11C8BD21B908D400477792 /* SampleJson.swift in Sources */ = {isa = PBXBuildFile; fileRef = CBA8456221B643D400723A2E /* SampleJson.swift */; };
		CB11C8BE21B908D500477792 /* SampleJson.swift in Sources */ = {isa = PBXBuildFile; fileRef = CBA8456221B643D400723A2E /* SampleJson.swift */; };
		CB11C8BF21B9457D00477792 /* AlamofireWrapper.swift in Sources */ = {isa = PBXBuildFile; fileRef = CBA9C5B821B676A2000B816E /* AlamofireWrapper.swift */; };
		CB11C8C021B9457E00477792 /* AlamofireWrapper.swift in Sources */ = {isa = PBXBuildFile; fileRef = CBA9C5B821B676A2000B816E /* AlamofireWrapper.swift */; };
		CB69BA5121B7502500C595E5 /* UIViewExtension.swift in Sources */ = {isa = PBXBuildFile; fileRef = CB69BA5021B7502500C595E5 /* UIViewExtension.swift */; };
		CB69BA5321B75B9F00C595E5 /* TestView.xib in Resources */ = {isa = PBXBuildFile; fileRef = CB69BA5221B75B9F00C595E5 /* TestView.xib */; };
		CB73031F21C3A5BA00D8CB18 /* test.storyboard in Resources */ = {isa = PBXBuildFile; fileRef = CB73031E21C3A5BA00D8CB18 /* test.storyboard */; };
		CB73037D21C9DD8300D8CB18 /* Security.framework in Frameworks */ = {isa = PBXBuildFile; fileRef = CB73037C21C9DD8300D8CB18 /* Security.framework */; };
		CBA49AAC21F1698C001FCFF0 /* TestNavViewController.m in Sources */ = {isa = PBXBuildFile; fileRef = CBA49AAB21F1698C001FCFF0 /* TestNavViewController.m */; };
		CBA49AAF21F1B259001FCFF0 /* RootViewController.m in Sources */ = {isa = PBXBuildFile; fileRef = CBA49AAE21F1B259001FCFF0 /* RootViewController.m */; };
		CBA8453121B6421300723A2E /* AppDelegate.m in Sources */ = {isa = PBXBuildFile; fileRef = CBA8453021B6421300723A2E /* AppDelegate.m */; };
		CBA8453421B6421300723A2E /* ViewController.m in Sources */ = {isa = PBXBuildFile; fileRef = CBA8453321B6421300723A2E /* ViewController.m */; };
		CBA8453721B6421300723A2E /* Main.storyboard in Resources */ = {isa = PBXBuildFile; fileRef = CBA8453521B6421300723A2E /* Main.storyboard */; };
		CBA8453921B6421500723A2E /* Assets.xcassets in Resources */ = {isa = PBXBuildFile; fileRef = CBA8453821B6421500723A2E /* Assets.xcassets */; };
		CBA8453C21B6421500723A2E /* LaunchScreen.storyboard in Resources */ = {isa = PBXBuildFile; fileRef = CBA8453A21B6421500723A2E /* LaunchScreen.storyboard */; };
		CBA8453F21B6421500723A2E /* main.m in Sources */ = {isa = PBXBuildFile; fileRef = CBA8453E21B6421500723A2E /* main.m */; };
		CBA8454921B6421500723A2E /* iOSBasicsObjCTests.m in Sources */ = {isa = PBXBuildFile; fileRef = CBA8454821B6421500723A2E /* iOSBasicsObjCTests.m */; };
		CBA8455421B6421500723A2E /* iOSBasicsObjCUITests.m in Sources */ = {isa = PBXBuildFile; fileRef = CBA8455321B6421500723A2E /* iOSBasicsObjCUITests.m */; };
		CBA8456321B643D400723A2E /* SampleJson.swift in Sources */ = {isa = PBXBuildFile; fileRef = CBA8456221B643D400723A2E /* SampleJson.swift */; };
		CBA9C5B921B676A2000B816E /* AlamofireWrapper.swift in Sources */ = {isa = PBXBuildFile; fileRef = CBA9C5B821B676A2000B816E /* AlamofireWrapper.swift */; };
		CBB074A321D3736100DD77D7 /* MZSlider.swift in Sources */ = {isa = PBXBuildFile; fileRef = CBB074A221D3736100DD77D7 /* MZSlider.swift */; };
		F9381DDB18D2C2046B43BC34 /* Pods_iOSBasicsObjCTests.framework in Frameworks */ = {isa = PBXBuildFile; fileRef = 7DE612DA40EDBEC114BA5F4B /* Pods_iOSBasicsObjCTests.framework */; };
/* End PBXBuildFile section */

/* Begin PBXContainerItemProxy section */
		CBA8454521B6421500723A2E /* PBXContainerItemProxy */ = {
			isa = PBXContainerItemProxy;
			containerPortal = CBA8452421B6421300723A2E /* Project object */;
			proxyType = 1;
			remoteGlobalIDString = CBA8452B21B6421300723A2E;
			remoteInfo = iOSBasicsObjC;
		};
		CBA8455021B6421500723A2E /* PBXContainerItemProxy */ = {
			isa = PBXContainerItemProxy;
			containerPortal = CBA8452421B6421300723A2E /* Project object */;
			proxyType = 1;
			remoteGlobalIDString = CBA8452B21B6421300723A2E;
			remoteInfo = iOSBasicsObjC;
		};
/* End PBXContainerItemProxy section */

/* Begin PBXFileReference section */
		0F75375D6106E94A6582B27F /* Pods-iOSBasicsObjCTests.release.xcconfig */ = {isa = PBXFileReference; includeInIndex = 1; lastKnownFileType = text.xcconfig; name = "Pods-iOSBasicsObjCTests.release.xcconfig"; path = "Pods/Target Support Files/Pods-iOSBasicsObjCTests/Pods-iOSBasicsObjCTests.release.xcconfig"; sourceTree = "<group>"; };
		1DDC66474CD68C701DEC50E9 /* Pods-iOSBasicsObjC.release.xcconfig */ = {isa = PBXFileReference; includeInIndex = 1; lastKnownFileType = text.xcconfig; name = "Pods-iOSBasicsObjC.release.xcconfig"; path = "Pods/Target Support Files/Pods-iOSBasicsObjC/Pods-iOSBasicsObjC.release.xcconfig"; sourceTree = "<group>"; };
		2F275B9BE16892FE2C120187 /* Pods_iOSBasicsObjC.framework */ = {isa = PBXFileReference; explicitFileType = wrapper.framework; includeInIndex = 0; path = Pods_iOSBasicsObjC.framework; sourceTree = BUILT_PRODUCTS_DIR; };
		38A398AD140BC0B5C72099C0 /* Pods-iOSBasicsObjCTests.debug.xcconfig */ = {isa = PBXFileReference; includeInIndex = 1; lastKnownFileType = text.xcconfig; name = "Pods-iOSBasicsObjCTests.debug.xcconfig"; path = "Pods/Target Support Files/Pods-iOSBasicsObjCTests/Pods-iOSBasicsObjCTests.debug.xcconfig"; sourceTree = "<group>"; };
		645FC017E33516370CFC5924 /* Pods-iOSBasicsObjC.debug.xcconfig */ = {isa = PBXFileReference; includeInIndex = 1; lastKnownFileType = text.xcconfig; name = "Pods-iOSBasicsObjC.debug.xcconfig"; path = "Pods/Target Support Files/Pods-iOSBasicsObjC/Pods-iOSBasicsObjC.debug.xcconfig"; sourceTree = "<group>"; };
		6E70DBFD59DDD740CDC25CF4 /* Pods-iOSBasicsObjCUITests.release.xcconfig */ = {isa = PBXFileReference; includeInIndex = 1; lastKnownFileType = text.xcconfig; name = "Pods-iOSBasicsObjCUITests.release.xcconfig"; path = "Pods/Target Support Files/Pods-iOSBasicsObjCUITests/Pods-iOSBasicsObjCUITests.release.xcconfig"; sourceTree = "<group>"; };
		7DE612DA40EDBEC114BA5F4B /* Pods_iOSBasicsObjCTests.framework */ = {isa = PBXFileReference; explicitFileType = wrapper.framework; includeInIndex = 0; path = Pods_iOSBasicsObjCTests.framework; sourceTree = BUILT_PRODUCTS_DIR; };
		CB11C8BB21B9069F00477792 /* RestApiUnitTest.swift */ = {isa = PBXFileReference; lastKnownFileType = sourcecode.swift; path = RestApiUnitTest.swift; sourceTree = "<group>"; };
		CB69BA5021B7502500C595E5 /* UIViewExtension.swift */ = {isa = PBXFileReference; lastKnownFileType = sourcecode.swift; path = UIViewExtension.swift; sourceTree = "<group>"; };
		CB69BA5221B75B9F00C595E5 /* TestView.xib */ = {isa = PBXFileReference; lastKnownFileType = file.xib; path = TestView.xib; sourceTree = "<group>"; };
		CB6D99E121BF391E007EABDD /* EnableSwiftForObjCProject.md */ = {isa = PBXFileReference; lastKnownFileType = net.daringfireball.markdown; path = EnableSwiftForObjCProject.md; sourceTree = "<group>"; };
		CB73031E21C3A5BA00D8CB18 /* test.storyboard */ = {isa = PBXFileReference; lastKnownFileType = file.storyboard; path = test.storyboard; sourceTree = "<group>"; };
		CB73037C21C9DD8300D8CB18 /* Security.framework */ = {isa = PBXFileReference; lastKnownFileType = wrapper.framework; name = Security.framework; path = System/Library/Frameworks/Security.framework; sourceTree = SDKROOT; };
		CBA49AAA21F1698C001FCFF0 /* TestNavViewController.h */ = {isa = PBXFileReference; lastKnownFileType = sourcecode.c.h; path = TestNavViewController.h; sourceTree = "<group>"; };
		CBA49AAB21F1698C001FCFF0 /* TestNavViewController.m */ = {isa = PBXFileReference; lastKnownFileType = sourcecode.c.objc; path = TestNavViewController.m; sourceTree = "<group>"; };
		CBA49AAD21F1B259001FCFF0 /* RootViewController.h */ = {isa = PBXFileReference; lastKnownFileType = sourcecode.c.h; path = RootViewController.h; sourceTree = "<group>"; };
		CBA49AAE21F1B259001FCFF0 /* RootViewController.m */ = {isa = PBXFileReference; lastKnownFileType = sourcecode.c.objc; path = RootViewController.m; sourceTree = "<group>"; };
		CBA8452C21B6421300723A2E /* iOSBasicsObjC.app */ = {isa = PBXFileReference; explicitFileType = wrapper.application; includeInIndex = 0; path = iOSBasicsObjC.app; sourceTree = BUILT_PRODUCTS_DIR; };
		CBA8452F21B6421300723A2E /* AppDelegate.h */ = {isa = PBXFileReference; lastKnownFileType = sourcecode.c.h; path = AppDelegate.h; sourceTree = "<group>"; };
		CBA8453021B6421300723A2E /* AppDelegate.m */ = {isa = PBXFileReference; lastKnownFileType = sourcecode.c.objc; path = AppDelegate.m; sourceTree = "<group>"; };
		CBA8453221B6421300723A2E /* ViewController.h */ = {isa = PBXFileReference; lastKnownFileType = sourcecode.c.h; path = ViewController.h; sourceTree = "<group>"; };
		CBA8453321B6421300723A2E /* ViewController.m */ = {isa = PBXFileReference; lastKnownFileType = sourcecode.c.objc; path = ViewController.m; sourceTree = "<group>"; };
		CBA8453621B6421300723A2E /* Base */ = {isa = PBXFileReference; lastKnownFileType = file.storyboard; name = Base; path = Base.lproj/Main.storyboard; sourceTree = "<group>"; };
		CBA8453821B6421500723A2E /* Assets.xcassets */ = {isa = PBXFileReference; lastKnownFileType = folder.assetcatalog; path = Assets.xcassets; sourceTree = "<group>"; };
		CBA8453B21B6421500723A2E /* Base */ = {isa = PBXFileReference; lastKnownFileType = file.storyboard; name = Base; path = Base.lproj/LaunchScreen.storyboard; sourceTree = "<group>"; };
		CBA8453D21B6421500723A2E /* Info.plist */ = {isa = PBXFileReference; lastKnownFileType = text.plist.xml; path = Info.plist; sourceTree = "<group>"; };
		CBA8453E21B6421500723A2E /* main.m */ = {isa = PBXFileReference; lastKnownFileType = sourcecode.c.objc; path = main.m; sourceTree = "<group>"; };
		CBA8454421B6421500723A2E /* iOSBasicsObjCTests.xctest */ = {isa = PBXFileReference; explicitFileType = wrapper.cfbundle; includeInIndex = 0; path = iOSBasicsObjCTests.xctest; sourceTree = BUILT_PRODUCTS_DIR; };
		CBA8454821B6421500723A2E /* iOSBasicsObjCTests.m */ = {isa = PBXFileReference; lastKnownFileType = sourcecode.c.objc; path = iOSBasicsObjCTests.m; sourceTree = "<group>"; };
		CBA8454A21B6421500723A2E /* Info.plist */ = {isa = PBXFileReference; lastKnownFileType = text.plist.xml; path = Info.plist; sourceTree = "<group>"; };
		CBA8454F21B6421500723A2E /* iOSBasicsObjCUITests.xctest */ = {isa = PBXFileReference; explicitFileType = wrapper.cfbundle; includeInIndex = 0; path = iOSBasicsObjCUITests.xctest; sourceTree = BUILT_PRODUCTS_DIR; };
		CBA8455321B6421500723A2E /* iOSBasicsObjCUITests.m */ = {isa = PBXFileReference; lastKnownFileType = sourcecode.c.objc; path = iOSBasicsObjCUITests.m; sourceTree = "<group>"; };
		CBA8455521B6421500723A2E /* Info.plist */ = {isa = PBXFileReference; lastKnownFileType = text.plist.xml; path = Info.plist; sourceTree = "<group>"; };
		CBA8456121B643D400723A2E /* iOSBasicsObjC-Bridging-Header.h */ = {isa = PBXFileReference; lastKnownFileType = sourcecode.c.h; path = "iOSBasicsObjC-Bridging-Header.h"; sourceTree = "<group>"; };
		CBA8456221B643D400723A2E /* SampleJson.swift */ = {isa = PBXFileReference; lastKnownFileType = sourcecode.swift; path = SampleJson.swift; sourceTree = "<group>"; };
		CBA9C5B821B676A2000B816E /* AlamofireWrapper.swift */ = {isa = PBXFileReference; lastKnownFileType = sourcecode.swift; path = AlamofireWrapper.swift; sourceTree = "<group>"; };
		CBB074A221D3736100DD77D7 /* MZSlider.swift */ = {isa = PBXFileReference; lastKnownFileType = sourcecode.swift; path = MZSlider.swift; sourceTree = "<group>"; };
		CBB074B621D485C200DD77D7 /* testJson.geojson */ = {isa = PBXFileReference; lastKnownFileType = text; path = testJson.geojson; sourceTree = "<group>"; };
		CBC8FE8F2201601F00B646B3 /* CustomBackButton.md */ = {isa = PBXFileReference; lastKnownFileType = net.daringfireball.markdown; path = CustomBackButton.md; sourceTree = "<group>"; };
		F9031DD27D229CB1E6D93F5B /* Pods-iOSBasicsObjCUITests.debug.xcconfig */ = {isa = PBXFileReference; includeInIndex = 1; lastKnownFileType = text.xcconfig; name = "Pods-iOSBasicsObjCUITests.debug.xcconfig"; path = "Pods/Target Support Files/Pods-iOSBasicsObjCUITests/Pods-iOSBasicsObjCUITests.debug.xcconfig"; sourceTree = "<group>"; };
		FB643DAEC383F6457632408F /* Pods_iOSBasicsObjCUITests.framework */ = {isa = PBXFileReference; explicitFileType = wrapper.framework; includeInIndex = 0; path = Pods_iOSBasicsObjCUITests.framework; sourceTree = BUILT_PRODUCTS_DIR; };
/* End PBXFileReference section */

/* Begin PBXFrameworksBuildPhase section */
		CBA8452921B6421300723A2E /* Frameworks */ = {
			isa = PBXFrameworksBuildPhase;
			buildActionMask = 2147483647;
			files = (
				CB73037D21C9DD8300D8CB18 /* Security.framework in Frameworks */,
				C1F9D0BC5BD5684E5799B478 /* Pods_iOSBasicsObjC.framework in Frameworks */,
			);
			runOnlyForDeploymentPostprocessing = 0;
		};
		CBA8454121B6421500723A2E /* Frameworks */ = {
			isa = PBXFrameworksBuildPhase;
			buildActionMask = 2147483647;
			files = (
				F9381DDB18D2C2046B43BC34 /* Pods_iOSBasicsObjCTests.framework in Frameworks */,
			);
			runOnlyForDeploymentPostprocessing = 0;
		};
		CBA8454C21B6421500723A2E /* Frameworks */ = {
			isa = PBXFrameworksBuildPhase;
			buildActionMask = 2147483647;
			files = (
				860CFD290698798BC82CDEC7 /* Pods_iOSBasicsObjCUITests.framework in Frameworks */,
			);
			runOnlyForDeploymentPostprocessing = 0;
		};
/* End PBXFrameworksBuildPhase section */

/* Begin PBXGroup section */
		2162912F03E3725E64E5D3C2 /* Frameworks */ = {
			isa = PBXGroup;
			children = (
				CB73037C21C9DD8300D8CB18 /* Security.framework */,
				2F275B9BE16892FE2C120187 /* Pods_iOSBasicsObjC.framework */,
				7DE612DA40EDBEC114BA5F4B /* Pods_iOSBasicsObjCTests.framework */,
				FB643DAEC383F6457632408F /* Pods_iOSBasicsObjCUITests.framework */,
			);
			name = Frameworks;
			sourceTree = "<group>";
		};
		82346EDE94399E76565E3D43 /* Pods */ = {
			isa = PBXGroup;
			children = (
				645FC017E33516370CFC5924 /* Pods-iOSBasicsObjC.debug.xcconfig */,
				1DDC66474CD68C701DEC50E9 /* Pods-iOSBasicsObjC.release.xcconfig */,
				38A398AD140BC0B5C72099C0 /* Pods-iOSBasicsObjCTests.debug.xcconfig */,
				0F75375D6106E94A6582B27F /* Pods-iOSBasicsObjCTests.release.xcconfig */,
				F9031DD27D229CB1E6D93F5B /* Pods-iOSBasicsObjCUITests.debug.xcconfig */,
				6E70DBFD59DDD740CDC25CF4 /* Pods-iOSBasicsObjCUITests.release.xcconfig */,
			);
			name = Pods;
			sourceTree = "<group>";
		};
		CBA8452321B6421300723A2E = {
			isa = PBXGroup;
			children = (
				CBC8FE8F2201601F00B646B3 /* CustomBackButton.md */,
				CB6D99E121BF391E007EABDD /* EnableSwiftForObjCProject.md */,
				CBA8452E21B6421300723A2E /* iOSBasicsObjC */,
				CBA8454721B6421500723A2E /* iOSBasicsObjCTests */,
				CBA8455221B6421500723A2E /* iOSBasicsObjCUITests */,
				CBA8452D21B6421300723A2E /* Products */,
				82346EDE94399E76565E3D43 /* Pods */,
				2162912F03E3725E64E5D3C2 /* Frameworks */,
			);
			sourceTree = "<group>";
		};
		CBA8452D21B6421300723A2E /* Products */ = {
			isa = PBXGroup;
			children = (
				CBA8452C21B6421300723A2E /* iOSBasicsObjC.app */,
				CBA8454421B6421500723A2E /* iOSBasicsObjCTests.xctest */,
				CBA8454F21B6421500723A2E /* iOSBasicsObjCUITests.xctest */,
			);
			name = Products;
			sourceTree = "<group>";
		};
		CBA8452E21B6421300723A2E /* iOSBasicsObjC */ = {
			isa = PBXGroup;
			children = (
				CBA8452F21B6421300723A2E /* AppDelegate.h */,
				CBA8453021B6421300723A2E /* AppDelegate.m */,
				CBA8453221B6421300723A2E /* ViewController.h */,
				CBA8453321B6421300723A2E /* ViewController.m */,
				CBA8453521B6421300723A2E /* Main.storyboard */,
				CBB074B621D485C200DD77D7 /* testJson.geojson */,
				CBA8453821B6421500723A2E /* Assets.xcassets */,
				CBA8453A21B6421500723A2E /* LaunchScreen.storyboard */,
				CBA8453D21B6421500723A2E /* Info.plist */,
				CBA8453E21B6421500723A2E /* main.m */,
				CBA8456221B643D400723A2E /* SampleJson.swift */,
				CBA8456121B643D400723A2E /* iOSBasicsObjC-Bridging-Header.h */,
				CBA9C5B821B676A2000B816E /* AlamofireWrapper.swift */,
				CB69BA5021B7502500C595E5 /* UIViewExtension.swift */,
				CB69BA5221B75B9F00C595E5 /* TestView.xib */,
				CB73031E21C3A5BA00D8CB18 /* test.storyboard */,
				CBB074A221D3736100DD77D7 /* MZSlider.swift */,
				CBA49AAA21F1698C001FCFF0 /* TestNavViewController.h */,
				CBA49AAB21F1698C001FCFF0 /* TestNavViewController.m */,
				CBA49AAD21F1B259001FCFF0 /* RootViewController.h */,
				CBA49AAE21F1B259001FCFF0 /* RootViewController.m */,
			);
			path = iOSBasicsObjC;
			sourceTree = "<group>";
		};
		CBA8454721B6421500723A2E /* iOSBasicsObjCTests */ = {
			isa = PBXGroup;
			children = (
				CBA8454821B6421500723A2E /* iOSBasicsObjCTests.m */,
				CBA8454A21B6421500723A2E /* Info.plist */,
				CB11C8BB21B9069F00477792 /* RestApiUnitTest.swift */,
			);
			path = iOSBasicsObjCTests;
			sourceTree = "<group>";
		};
		CBA8455221B6421500723A2E /* iOSBasicsObjCUITests */ = {
			isa = PBXGroup;
			children = (
				CBA8455321B6421500723A2E /* iOSBasicsObjCUITests.m */,
				CBA8455521B6421500723A2E /* Info.plist */,
			);
			path = iOSBasicsObjCUITests;
			sourceTree = "<group>";
		};
/* End PBXGroup section */

/* Begin PBXNativeTarget section */
		CBA8452B21B6421300723A2E /* iOSBasicsObjC */ = {
			isa = PBXNativeTarget;
			buildConfigurationList = CBA8455821B6421500723A2E /* Build configuration list for PBXNativeTarget "iOSBasicsObjC" */;
			buildPhases = (
				8DC31A99F29A157A54054F30 /* [CP] Check Pods Manifest.lock */,
				CBA8452821B6421300723A2E /* Sources */,
				CBA8452921B6421300723A2E /* Frameworks */,
				CBA8452A21B6421300723A2E /* Resources */,
				477AD6743F8B7B754C252DAB /* [CP] Embed Pods Frameworks */,
			);
			buildRules = (
			);
			dependencies = (
			);
			name = iOSBasicsObjC;
			productName = iOSBasicsObjC;
			productReference = CBA8452C21B6421300723A2E /* iOSBasicsObjC.app */;
			productType = "com.apple.product-type.application";
		};
		CBA8454321B6421500723A2E /* iOSBasicsObjCTests */ = {
			isa = PBXNativeTarget;
			buildConfigurationList = CBA8455B21B6421500723A2E /* Build configuration list for PBXNativeTarget "iOSBasicsObjCTests" */;
			buildPhases = (
				EACC419795678F24731FCA4E /* [CP] Check Pods Manifest.lock */,
				CBA8454021B6421500723A2E /* Sources */,
				CBA8454121B6421500723A2E /* Frameworks */,
				CBA8454221B6421500723A2E /* Resources */,
			);
			buildRules = (
			);
			dependencies = (
				CBA8454621B6421500723A2E /* PBXTargetDependency */,
			);
			name = iOSBasicsObjCTests;
			productName = iOSBasicsObjCTests;
			productReference = CBA8454421B6421500723A2E /* iOSBasicsObjCTests.xctest */;
			productType = "com.apple.product-type.bundle.unit-test";
		};
		CBA8454E21B6421500723A2E /* iOSBasicsObjCUITests */ = {
			isa = PBXNativeTarget;
			buildConfigurationList = CBA8455E21B6421500723A2E /* Build configuration list for PBXNativeTarget "iOSBasicsObjCUITests" */;
			buildPhases = (
				0891E888FDAE85BBEE12D903 /* [CP] Check Pods Manifest.lock */,
				CBA8454B21B6421500723A2E /* Sources */,
				CBA8454C21B6421500723A2E /* Frameworks */,
				CBA8454D21B6421500723A2E /* Resources */,
			);
			buildRules = (
			);
			dependencies = (
				CBA8455121B6421500723A2E /* PBXTargetDependency */,
			);
			name = iOSBasicsObjCUITests;
			productName = iOSBasicsObjCUITests;
			productReference = CBA8454F21B6421500723A2E /* iOSBasicsObjCUITests.xctest */;
			productType = "com.apple.product-type.bundle.ui-testing";
		};
/* End PBXNativeTarget section */

/* Begin PBXProject section */
		CBA8452421B6421300723A2E /* Project object */ = {
			isa = PBXProject;
			attributes = {
				LastUpgradeCheck = 1010;
				ORGANIZATIONNAME = MayPark;
				TargetAttributes = {
					CBA8452B21B6421300723A2E = {
						CreatedOnToolsVersion = 10.1;
						LastSwiftMigration = 1010;
					};
					CBA8454321B6421500723A2E = {
						CreatedOnToolsVersion = 10.1;
						TestTargetID = CBA8452B21B6421300723A2E;
					};
					CBA8454E21B6421500723A2E = {
						CreatedOnToolsVersion = 10.1;
						TestTargetID = CBA8452B21B6421300723A2E;
					};
				};
			};
			buildConfigurationList = CBA8452721B6421300723A2E /* Build configuration list for PBXProject "iOSBasicsObjC" */;
			compatibilityVersion = "Xcode 9.3";
			developmentRegion = en;
			hasScannedForEncodings = 0;
			knownRegions = (
				en,
				Base,
			);
			mainGroup = CBA8452321B6421300723A2E;
			productRefGroup = CBA8452D21B6421300723A2E /* Products */;
			projectDirPath = "";
			projectRoot = "";
			targets = (
				CBA8452B21B6421300723A2E /* iOSBasicsObjC */,
				CBA8454321B6421500723A2E /* iOSBasicsObjCTests */,
				CBA8454E21B6421500723A2E /* iOSBasicsObjCUITests */,
			);
		};
/* End PBXProject section */

/* Begin PBXResourcesBuildPhase section */
		CBA8452A21B6421300723A2E /* Resources */ = {
			isa = PBXResourcesBuildPhase;
			buildActionMask = 2147483647;
			files = (
				CB69BA5321B75B9F00C595E5 /* TestView.xib in Resources */,
				CBA8453C21B6421500723A2E /* LaunchScreen.storyboard in Resources */,
				CBA8453921B6421500723A2E /* Assets.xcassets in Resources */,
				CB73031F21C3A5BA00D8CB18 /* test.storyboard in Resources */,
				CBA8453721B6421300723A2E /* Main.storyboard in Resources */,
			);
			runOnlyForDeploymentPostprocessing = 0;
		};
		CBA8454221B6421500723A2E /* Resources */ = {
			isa = PBXResourcesBuildPhase;
			buildActionMask = 2147483647;
			files = (
			);
			runOnlyForDeploymentPostprocessing = 0;
		};
		CBA8454D21B6421500723A2E /* Resources */ = {
			isa = PBXResourcesBuildPhase;
			buildActionMask = 2147483647;
			files = (
			);
			runOnlyForDeploymentPostprocessing = 0;
		};
/* End PBXResourcesBuildPhase section */

/* Begin PBXShellScriptBuildPhase section */
		0891E888FDAE85BBEE12D903 /* [CP] Check Pods Manifest.lock */ = {
			isa = PBXShellScriptBuildPhase;
			buildActionMask = 2147483647;
			files = (
			);
			inputFileListPaths = (
			);
			inputPaths = (
				"${PODS_PODFILE_DIR_PATH}/Podfile.lock",
				"${PODS_ROOT}/Manifest.lock",
			);
			name = "[CP] Check Pods Manifest.lock";
			outputFileListPaths = (
			);
			outputPaths = (
				"$(DERIVED_FILE_DIR)/Pods-iOSBasicsObjCUITests-checkManifestLockResult.txt",
			);
			runOnlyForDeploymentPostprocessing = 0;
			shellPath = /bin/sh;
			shellScript = "diff \"${PODS_PODFILE_DIR_PATH}/Podfile.lock\" \"${PODS_ROOT}/Manifest.lock\" > /dev/null\nif [ $? != 0 ] ; then\n    # print error to STDERR\n    echo \"error: The sandbox is not in sync with the Podfile.lock. Run 'pod install' or update your CocoaPods installation.\" >&2\n    exit 1\nfi\n# This output is used by Xcode 'outputs' to avoid re-running this script phase.\necho \"SUCCESS\" > \"${SCRIPT_OUTPUT_FILE_0}\"\n";
			showEnvVarsInLog = 0;
		};
		477AD6743F8B7B754C252DAB /* [CP] Embed Pods Frameworks */ = {
			isa = PBXShellScriptBuildPhase;
			buildActionMask = 2147483647;
			files = (
			);
			inputFileListPaths = (
			);
			inputPaths = (
				"${SRCROOT}/Pods/Target Support Files/Pods-iOSBasicsObjC/Pods-iOSBasicsObjC-frameworks.sh",
				"${BUILT_PRODUCTS_DIR}/AFNetworking/AFNetworking.framework",
				"${BUILT_PRODUCTS_DIR}/Alamofire/Alamofire.framework",
				"${BUILT_PRODUCTS_DIR}/CocoaLumberjack/CocoaLumberjack.framework",
				"${BUILT_PRODUCTS_DIR}/Masonry/Masonry.framework",
			);
			name = "[CP] Embed Pods Frameworks";
			outputFileListPaths = (
			);
			outputPaths = (
				"${TARGET_BUILD_DIR}/${FRAMEWORKS_FOLDER_PATH}/AFNetworking.framework",
				"${TARGET_BUILD_DIR}/${FRAMEWORKS_FOLDER_PATH}/Alamofire.framework",
				"${TARGET_BUILD_DIR}/${FRAMEWORKS_FOLDER_PATH}/CocoaLumberjack.framework",
				"${TARGET_BUILD_DIR}/${FRAMEWORKS_FOLDER_PATH}/Masonry.framework",
			);
			runOnlyForDeploymentPostprocessing = 0;
			shellPath = /bin/sh;
			shellScript = "\"${SRCROOT}/Pods/Target Support Files/Pods-iOSBasicsObjC/Pods-iOSBasicsObjC-frameworks.sh\"\n";
			showEnvVarsInLog = 0;
		};
		8DC31A99F29A157A54054F30 /* [CP] Check Pods Manifest.lock */ = {
			isa = PBXShellScriptBuildPhase;
			buildActionMask = 2147483647;
			files = (
			);
			inputFileListPaths = (
			);
			inputPaths = (
				"${PODS_PODFILE_DIR_PATH}/Podfile.lock",
				"${PODS_ROOT}/Manifest.lock",
			);
			name = "[CP] Check Pods Manifest.lock";
			outputFileListPaths = (
			);
			outputPaths = (
				"$(DERIVED_FILE_DIR)/Pods-iOSBasicsObjC-checkManifestLockResult.txt",
			);
			runOnlyForDeploymentPostprocessing = 0;
			shellPath = /bin/sh;
			shellScript = "diff \"${PODS_PODFILE_DIR_PATH}/Podfile.lock\" \"${PODS_ROOT}/Manifest.lock\" > /dev/null\nif [ $? != 0 ] ; then\n    # print error to STDERR\n    echo \"error: The sandbox is not in sync with the Podfile.lock. Run 'pod install' or update your CocoaPods installation.\" >&2\n    exit 1\nfi\n# This output is used by Xcode 'outputs' to avoid re-running this script phase.\necho \"SUCCESS\" > \"${SCRIPT_OUTPUT_FILE_0}\"\n";
			showEnvVarsInLog = 0;
		};
		EACC419795678F24731FCA4E /* [CP] Check Pods Manifest.lock */ = {
			isa = PBXShellScriptBuildPhase;
			buildActionMask = 2147483647;
			files = (
			);
			inputFileListPaths = (
			);
			inputPaths = (
				"${PODS_PODFILE_DIR_PATH}/Podfile.lock",
				"${PODS_ROOT}/Manifest.lock",
			);
			name = "[CP] Check Pods Manifest.lock";
			outputFileListPaths = (
			);
			outputPaths = (
				"$(DERIVED_FILE_DIR)/Pods-iOSBasicsObjCTests-checkManifestLockResult.txt",
			);
			runOnlyForDeploymentPostprocessing = 0;
			shellPath = /bin/sh;
			shellScript = "diff \"${PODS_PODFILE_DIR_PATH}/Podfile.lock\" \"${PODS_ROOT}/Manifest.lock\" > /dev/null\nif [ $? != 0 ] ; then\n    # print error to STDERR\n    echo \"error: The sandbox is not in sync with the Podfile.lock. Run 'pod install' or update your CocoaPods installation.\" >&2\n    exit 1\nfi\n# This output is used by Xcode 'outputs' to avoid re-running this script phase.\necho \"SUCCESS\" > \"${SCRIPT_OUTPUT_FILE_0}\"\n";
			showEnvVarsInLog = 0;
		};
/* End PBXShellScriptBuildPhase section */

/* Begin PBXSourcesBuildPhase section */
		CBA8452821B6421300723A2E /* Sources */ = {
			isa = PBXSourcesBuildPhase;
			buildActionMask = 2147483647;
			files = (
				CB69BA5121B7502500C595E5 /* UIViewExtension.swift in Sources */,
				CBA8453421B6421300723A2E /* ViewController.m in Sources */,
				CBA9C5B921B676A2000B816E /* AlamofireWrapper.swift in Sources */,
				CBB074A321D3736100DD77D7 /* MZSlider.swift in Sources */,
				CBA8453F21B6421500723A2E /* main.m in Sources */,
				CBA49AAF21F1B259001FCFF0 /* RootViewController.m in Sources */,
				CBA8453121B6421300723A2E /* AppDelegate.m in Sources */,
				CBA49AAC21F1698C001FCFF0 /* TestNavViewController.m in Sources */,
				CBA8456321B643D400723A2E /* SampleJson.swift in Sources */,
			);
			runOnlyForDeploymentPostprocessing = 0;
		};
		CBA8454021B6421500723A2E /* Sources */ = {
			isa = PBXSourcesBuildPhase;
			buildActionMask = 2147483647;
			files = (
				CB11C8BD21B908D400477792 /* SampleJson.swift in Sources */,
				CBA8454921B6421500723A2E /* iOSBasicsObjCTests.m in Sources */,
				CB11C8BF21B9457D00477792 /* AlamofireWrapper.swift in Sources */,
				CB11C8BC21B9069F00477792 /* RestApiUnitTest.swift in Sources */,
			);
			runOnlyForDeploymentPostprocessing = 0;
		};
		CBA8454B21B6421500723A2E /* Sources */ = {
			isa = PBXSourcesBuildPhase;
			buildActionMask = 2147483647;
			files = (
				CBA8455421B6421500723A2E /* iOSBasicsObjCUITests.m in Sources */,
				CB11C8BE21B908D500477792 /* SampleJson.swift in Sources */,
				CB11C8C021B9457E00477792 /* AlamofireWrapper.swift in Sources */,
			);
			runOnlyForDeploymentPostprocessing = 0;
		};
/* End PBXSourcesBuildPhase section */

/* Begin PBXTargetDependency section */
		CBA8454621B6421500723A2E /* PBXTargetDependency */ = {
			isa = PBXTargetDependency;
			target = CBA8452B21B6421300723A2E /* iOSBasicsObjC */;
			targetProxy = CBA8454521B6421500723A2E /* PBXContainerItemProxy */;
		};
		CBA8455121B6421500723A2E /* PBXTargetDependency */ = {
			isa = PBXTargetDependency;
			target = CBA8452B21B6421300723A2E /* iOSBasicsObjC */;
			targetProxy = CBA8455021B6421500723A2E /* PBXContainerItemProxy */;
		};
/* End PBXTargetDependency section */

/* Begin PBXVariantGroup section */
		CBA8453521B6421300723A2E /* Main.storyboard */ = {
			isa = PBXVariantGroup;
			children = (
				CBA8453621B6421300723A2E /* Base */,
			);
			name = Main.storyboard;
			sourceTree = "<group>";
		};
		CBA8453A21B6421500723A2E /* LaunchScreen.storyboard */ = {
			isa = PBXVariantGroup;
			children = (
				CBA8453B21B6421500723A2E /* Base */,
			);
			name = LaunchScreen.storyboard;
			sourceTree = "<group>";
		};
/* End PBXVariantGroup section */

/* Begin XCBuildConfiguration section */
		CBA8455621B6421500723A2E /* Debug */ = {
			isa = XCBuildConfiguration;
			buildSettings = {
				ALWAYS_SEARCH_USER_PATHS = NO;
				CLANG_ANALYZER_NONNULL = YES;
				CLANG_ANALYZER_NUMBER_OBJECT_CONVERSION = YES_AGGRESSIVE;
				CLANG_CXX_LANGUAGE_STANDARD = "gnu++14";
				CLANG_CXX_LIBRARY = "libc++";
				CLANG_ENABLE_MODULES = YES;
				CLANG_ENABLE_OBJC_ARC = YES;
				CLANG_ENABLE_OBJC_WEAK = YES;
				CLANG_WARN_BLOCK_CAPTURE_AUTORELEASING = YES;
				CLANG_WARN_BOOL_CONVERSION = YES;
				CLANG_WARN_COMMA = YES;
				CLANG_WARN_CONSTANT_CONVERSION = YES;
				CLANG_WARN_DEPRECATED_OBJC_IMPLEMENTATIONS = YES;
				CLANG_WARN_DIRECT_OBJC_ISA_USAGE = YES_ERROR;
				CLANG_WARN_DOCUMENTATION_COMMENTS = YES;
				CLANG_WARN_EMPTY_BODY = YES;
				CLANG_WARN_ENUM_CONVERSION = YES;
				CLANG_WARN_INFINITE_RECURSION = YES;
				CLANG_WARN_INT_CONVERSION = YES;
				CLANG_WARN_NON_LITERAL_NULL_CONVERSION = YES;
				CLANG_WARN_OBJC_IMPLICIT_RETAIN_SELF = YES;
				CLANG_WARN_OBJC_LITERAL_CONVERSION = YES;
				CLANG_WARN_OBJC_ROOT_CLASS = YES_ERROR;
				CLANG_WARN_RANGE_LOOP_ANALYSIS = YES;
				CLANG_WARN_STRICT_PROTOTYPES = YES;
				CLANG_WARN_SUSPICIOUS_MOVE = YES;
				CLANG_WARN_UNGUARDED_AVAILABILITY = YES_AGGRESSIVE;
				CLANG_WARN_UNREACHABLE_CODE = YES;
				CLANG_WARN__DUPLICATE_METHOD_MATCH = YES;
				CODE_SIGN_IDENTITY = "iPhone Developer";
				COPY_PHASE_STRIP = NO;
				DEBUG_INFORMATION_FORMAT = dwarf;
				DEFINES_MODULE = YES;
				ENABLE_STRICT_OBJC_MSGSEND = YES;
				ENABLE_TESTABILITY = YES;
				GCC_C_LANGUAGE_STANDARD = gnu11;
				GCC_DYNAMIC_NO_PIC = NO;
				GCC_NO_COMMON_BLOCKS = YES;
				GCC_OPTIMIZATION_LEVEL = 0;
				GCC_PREPROCESSOR_DEFINITIONS = (
					"DEBUG=1",
					"$(inherited)",
				);
				GCC_WARN_64_TO_32_BIT_CONVERSION = YES;
				GCC_WARN_ABOUT_RETURN_TYPE = YES_ERROR;
				GCC_WARN_UNDECLARED_SELECTOR = YES;
				GCC_WARN_UNINITIALIZED_AUTOS = YES_AGGRESSIVE;
				GCC_WARN_UNUSED_FUNCTION = YES;
				GCC_WARN_UNUSED_VARIABLE = YES;
				IPHONEOS_DEPLOYMENT_TARGET = 9.0;
				MTL_ENABLE_DEBUG_INFO = INCLUDE_SOURCE;
				MTL_FAST_MATH = YES;
				ONLY_ACTIVE_ARCH = YES;
				SDKROOT = iphoneos;
			};
			name = Debug;
		};
		CBA8455721B6421500723A2E /* Release */ = {
			isa = XCBuildConfiguration;
			buildSettings = {
				ALWAYS_SEARCH_USER_PATHS = NO;
				CLANG_ANALYZER_NONNULL = YES;
				CLANG_ANALYZER_NUMBER_OBJECT_CONVERSION = YES_AGGRESSIVE;
				CLANG_CXX_LANGUAGE_STANDARD = "gnu++14";
				CLANG_CXX_LIBRARY = "libc++";
				CLANG_ENABLE_MODULES = YES;
				CLANG_ENABLE_OBJC_ARC = YES;
				CLANG_ENABLE_OBJC_WEAK = YES;
				CLANG_WARN_BLOCK_CAPTURE_AUTORELEASING = YES;
				CLANG_WARN_BOOL_CONVERSION = YES;
				CLANG_WARN_COMMA = YES;
				CLANG_WARN_CONSTANT_CONVERSION = YES;
				CLANG_WARN_DEPRECATED_OBJC_IMPLEMENTATIONS = YES;
				CLANG_WARN_DIRECT_OBJC_ISA_USAGE = YES_ERROR;
				CLANG_WARN_DOCUMENTATION_COMMENTS = YES;
				CLANG_WARN_EMPTY_BODY = YES;
				CLANG_WARN_ENUM_CONVERSION = YES;
				CLANG_WARN_INFINITE_RECURSION = YES;
				CLANG_WARN_INT_CONVERSION = YES;
				CLANG_WARN_NON_LITERAL_NULL_CONVERSION = YES;
				CLANG_WARN_OBJC_IMPLICIT_RETAIN_SELF = YES;
				CLANG_WARN_OBJC_LITERAL_CONVERSION = YES;
				CLANG_WARN_OBJC_ROOT_CLASS = YES_ERROR;
				CLANG_WARN_RANGE_LOOP_ANALYSIS = YES;
				CLANG_WARN_STRICT_PROTOTYPES = YES;
				CLANG_WARN_SUSPICIOUS_MOVE = YES;
				CLANG_WARN_UNGUARDED_AVAILABILITY = YES_AGGRESSIVE;
				CLANG_WARN_UNREACHABLE_CODE = YES;
				CLANG_WARN__DUPLICATE_METHOD_MATCH = YES;
				CODE_SIGN_IDENTITY = "iPhone Developer";
				COPY_PHASE_STRIP = NO;
				DEBUG_INFORMATION_FORMAT = "dwarf-with-dsym";
				DEFINES_MODULE = YES;
				ENABLE_NS_ASSERTIONS = NO;
				ENABLE_STRICT_OBJC_MSGSEND = YES;
				GCC_C_LANGUAGE_STANDARD = gnu11;
				GCC_NO_COMMON_BLOCKS = YES;
				GCC_WARN_64_TO_32_BIT_CONVERSION = YES;
				GCC_WARN_ABOUT_RETURN_TYPE = YES_ERROR;
				GCC_WARN_UNDECLARED_SELECTOR = YES;
				GCC_WARN_UNINITIALIZED_AUTOS = YES_AGGRESSIVE;
				GCC_WARN_UNUSED_FUNCTION = YES;
				GCC_WARN_UNUSED_VARIABLE = YES;
				IPHONEOS_DEPLOYMENT_TARGET = 9.0;
				MTL_ENABLE_DEBUG_INFO = NO;
				MTL_FAST_MATH = YES;
				SDKROOT = iphoneos;
				VALIDATE_PRODUCT = YES;
			};
			name = Release;
		};
		CBA8455921B6421500723A2E /* Debug */ = {
			isa = XCBuildConfiguration;
			baseConfigurationReference = 645FC017E33516370CFC5924 /* Pods-iOSBasicsObjC.debug.xcconfig */;
			buildSettings = {
				ASSETCATALOG_COMPILER_APPICON_NAME = AppIcon;
				CLANG_ENABLE_MODULES = YES;
				CODE_SIGN_STYLE = Automatic;
				DEFINES_MODULE = YES;
				DEVELOPMENT_TEAM = CBFTL636AR;
				INFOPLIST_FILE = iOSBasicsObjC/Info.plist;
				LD_RUNPATH_SEARCH_PATHS = (
					"$(inherited)",
					"@executable_path/Frameworks",
				);
				PRODUCT_BUNDLE_IDENTIFIER = com.mobilab.iOSBasicsObjC;
				PRODUCT_NAME = "$(TARGET_NAME)";
				SWIFT_OBJC_BRIDGING_HEADER = "iOSBasicsObjC/iOSBasicsObjC-Bridging-Header.h";
				SWIFT_OPTIMIZATION_LEVEL = "-Onone";
				SWIFT_VERSION = 4.2;
				TARGETED_DEVICE_FAMILY = "1,2";
			};
			name = Debug;
		};
		CBA8455A21B6421500723A2E /* Release */ = {
			isa = XCBuildConfiguration;
			baseConfigurationReference = 1DDC66474CD68C701DEC50E9 /* Pods-iOSBasicsObjC.release.xcconfig */;
			buildSettings = {
				ASSETCATALOG_COMPILER_APPICON_NAME = AppIcon;
				CLANG_ENABLE_MODULES = YES;
				CODE_SIGN_STYLE = Automatic;
				DEFINES_MODULE = YES;
				DEVELOPMENT_TEAM = CBFTL636AR;
				INFOPLIST_FILE = iOSBasicsObjC/Info.plist;
				LD_RUNPATH_SEARCH_PATHS = (
					"$(inherited)",
					"@executable_path/Frameworks",
				);
				PRODUCT_BUNDLE_IDENTIFIER = com.mobilab.iOSBasicsObjC;
				PRODUCT_NAME = "$(TARGET_NAME)";
				SWIFT_OBJC_BRIDGING_HEADER = "iOSBasicsObjC/iOSBasicsObjC-Bridging-Header.h";
				SWIFT_VERSION = 4.2;
				TARGETED_DEVICE_FAMILY = "1,2";
			};
			name = Release;
		};
		CBA8455C21B6421500723A2E /* Debug */ = {
			isa = XCBuildConfiguration;
			baseConfigurationReference = 38A398AD140BC0B5C72099C0 /* Pods-iOSBasicsObjCTests.debug.xcconfig */;
			buildSettings = {
				ALWAYS_EMBED_SWIFT_STANDARD_LIBRARIES = YES;
				BUNDLE_LOADER = "$(TEST_HOST)";
				CODE_SIGN_STYLE = Automatic;
				DEVELOPMENT_TEAM = CBFTL636AR;
				INFOPLIST_FILE = iOSBasicsObjCTests/Info.plist;
				LD_RUNPATH_SEARCH_PATHS = (
					"$(inherited)",
					"@executable_path/Frameworks",
					"@loader_path/Frameworks",
				);
				PRODUCT_BUNDLE_IDENTIFIER = com.mobilab.iOSBasicsObjCTests;
				PRODUCT_NAME = "$(TARGET_NAME)";
				SWIFT_VERSION = 4.2;
				TARGETED_DEVICE_FAMILY = "1,2";
				TEST_HOST = "$(BUILT_PRODUCTS_DIR)/iOSBasicsObjC.app/iOSBasicsObjC";
			};
			name = Debug;
		};
		CBA8455D21B6421500723A2E /* Release */ = {
			isa = XCBuildConfiguration;
			baseConfigurationReference = 0F75375D6106E94A6582B27F /* Pods-iOSBasicsObjCTests.release.xcconfig */;
			buildSettings = {
				ALWAYS_EMBED_SWIFT_STANDARD_LIBRARIES = YES;
				BUNDLE_LOADER = "$(TEST_HOST)";
				CODE_SIGN_STYLE = Automatic;
				DEVELOPMENT_TEAM = CBFTL636AR;
				INFOPLIST_FILE = iOSBasicsObjCTests/Info.plist;
				LD_RUNPATH_SEARCH_PATHS = (
					"$(inherited)",
					"@executable_path/Frameworks",
					"@loader_path/Frameworks",
				);
				PRODUCT_BUNDLE_IDENTIFIER = com.mobilab.iOSBasicsObjCTests;
				PRODUCT_NAME = "$(TARGET_NAME)";
				SWIFT_VERSION = 4.2;
				TARGETED_DEVICE_FAMILY = "1,2";
				TEST_HOST = "$(BUILT_PRODUCTS_DIR)/iOSBasicsObjC.app/iOSBasicsObjC";
			};
			name = Release;
		};
		CBA8455F21B6421500723A2E /* Debug */ = {
			isa = XCBuildConfiguration;
			baseConfigurationReference = F9031DD27D229CB1E6D93F5B /* Pods-iOSBasicsObjCUITests.debug.xcconfig */;
			buildSettings = {
				ALWAYS_EMBED_SWIFT_STANDARD_LIBRARIES = YES;
				CODE_SIGN_STYLE = Automatic;
				DEVELOPMENT_TEAM = CBFTL636AR;
				INFOPLIST_FILE = iOSBasicsObjCUITests/Info.plist;
				LD_RUNPATH_SEARCH_PATHS = (
					"$(inherited)",
					"@executable_path/Frameworks",
					"@loader_path/Frameworks",
				);
				PRODUCT_BUNDLE_IDENTIFIER = com.mobilab.iOSBasicsObjCUITests;
				PRODUCT_NAME = "$(TARGET_NAME)";
				SWIFT_VERSION = 4.2;
				TARGETED_DEVICE_FAMILY = "1,2";
				TEST_TARGET_NAME = iOSBasicsObjC;
			};
			name = Debug;
		};
		CBA8456021B6421500723A2E /* Release */ = {
			isa = XCBuildConfiguration;
			baseConfigurationReference = 6E70DBFD59DDD740CDC25CF4 /* Pods-iOSBasicsObjCUITests.release.xcconfig */;
			buildSettings = {
				ALWAYS_EMBED_SWIFT_STANDARD_LIBRARIES = YES;
				CODE_SIGN_STYLE = Automatic;
				DEVELOPMENT_TEAM = CBFTL636AR;
				INFOPLIST_FILE = iOSBasicsObjCUITests/Info.plist;
				LD_RUNPATH_SEARCH_PATHS = (
					"$(inherited)",
					"@executable_path/Frameworks",
					"@loader_path/Frameworks",
				);
				PRODUCT_BUNDLE_IDENTIFIER = com.mobilab.iOSBasicsObjCUITests;
				PRODUCT_NAME = "$(TARGET_NAME)";
				SWIFT_VERSION = 4.2;
				TARGETED_DEVICE_FAMILY = "1,2";
				TEST_TARGET_NAME = iOSBasicsObjC;
			};
			name = Release;
		};
/* End XCBuildConfiguration section */

/* Begin XCConfigurationList section */
		CBA8452721B6421300723A2E /* Build configuration list for PBXProject "iOSBasicsObjC" */ = {
			isa = XCConfigurationList;
			buildConfigurations = (
				CBA8455621B6421500723A2E /* Debug */,
				CBA8455721B6421500723A2E /* Release */,
			);
			defaultConfigurationIsVisible = 0;
			defaultConfigurationName = Release;
		};
		CBA8455821B6421500723A2E /* Build configuration list for PBXNativeTarget "iOSBasicsObjC" */ = {
			isa = XCConfigurationList;
			buildConfigurations = (
				CBA8455921B6421500723A2E /* Debug */,
				CBA8455A21B6421500723A2E /* Release */,
			);
			defaultConfigurationIsVisible = 0;
			defaultConfigurationName = Release;
		};
		CBA8455B21B6421500723A2E /* Build configuration list for PBXNativeTarget "iOSBasicsObjCTests" */ = {
			isa = XCConfigurationList;
			buildConfigurations = (
				CBA8455C21B6421500723A2E /* Debug */,
				CBA8455D21B6421500723A2E /* Release */,
			);
			defaultConfigurationIsVisible = 0;
			defaultConfigurationName = Release;
		};
		CBA8455E21B6421500723A2E /* Build configuration list for PBXNativeTarget "iOSBasicsObjCUITests" */ = {
			isa = XCConfigurationList;
			buildConfigurations = (
				CBA8455F21B6421500723A2E /* Debug */,
				CBA8456021B6421500723A2E /* Release */,
			);
			defaultConfigurationIsVisible = 0;
			defaultConfigurationName = Release;
		};
/* End XCConfigurationList section */
	};
	rootObject = CBA8452421B6421300723A2E /* Project object */;
}
